
Microsoft Visual Studio Solution File, Format Version 12.00
# Visual Studio 14
VisualStudioVersion = 14.0.25420.1
MinimumVisualStudioVersion = 10.0.40219.1
Project("{8BC9CEB8-8B4A-11D0-8D11-00A0C91BC942}") = "Prj01", "Prj01\Prj01.vcxproj", "{C50BC09C-EEAF-481F-936E-A449A7797C0A}"
EndProject
Project("{8BC9CEB8-8B4A-11D0-8D11-00A0C91BC942}") = "Prj02", "Prj02\Prj02.vcxproj", "{1304D0BE-549C-4A15-BB6D-672CE4997764}"
EndProject
Project("{8BC9CEB8-8B4A-11D0-8D11-00A0C91BC942}") = "Prj03", "Prj03\Prj03.vcxproj", "{4D1F4176-BCC7-4544-90D5-E39B81E57DD8}"
EndProject
Project("{8BC9CEB8-8B4A-11D0-8D11-00A0C91BC942}") = "Prj04", "Prj04\Prj04.vcxproj", "{9E29D6C9-C3D4-4A5D-BD1C-939413A7FE14}"
EndProject
Project("{8BC9CEB8-8B4A-11D0-8D11-00A0C91BC942}") = "Prj05", "Prj05\Prj05.vcxproj", "{09BCC03C-2075-40A9-80F2-3D260A5FED01}"
EndProject
Project("{8BC9CEB8-8B4A-11D0-8D11-00A0C91BC942}") = "Prj06", "Prj06\Prj06.vcxproj", "{45D69AE1-FA67-4260-873F-92798EE05A57}"
EndProject
Project("{8BC9CEB8-8B4A-11D0-8D11-00A0C91BC942}") = "Prj07", "Prj07\Prj07.vcxproj", "{A153ABA7-1CE6-48E8-AB7E-8C05ED7FA99C}"
EndProject
Project("{8BC9CEB8-8B4A-11D0-8D11-00A0C91BC942}") = "Prj08", "Prj08\Prj08.vcxproj", "{130A20EE-090E-4D44-9F08-EC6D840E604F}"
EndProject
Project("{8BC9CEB8-8B4A-11D0-8D11-00A0C91BC942}") = "Prj09", "Prj09\Prj09.vcxproj", "{B222B6D0-C392-4478-BA90-796919D4A71A}"
EndProject
Project("{8BC9CEB8-8B4A-11D0-8D11-00A0C91BC942}") = "Prj10", "Prj10\Prj10.vcxproj", "{7EC9E2D2-ECD8-406F-83E6-8B455F1D4AB9}"
EndProject
Project("{8BC9CEB8-8B4A-11D0-8D11-00A0C91BC942}") = "Prj11", "Prj11\Prj11.vcxproj", "{1BDEA18E-789D-4B16-AA4C-40D4789B462C}"
EndProject
Project("{8BC9CEB8-8B4A-11D0-8D11-00A0C91BC942}") = "Prj12", "Prj12\Prj12.vcxproj", "{52BFF9E0-7006-4FD2-BB73-8FF29A40E545}"
EndProject
Project("{8BC9CEB8-8B4A-11D0-8D11-00A0C91BC942}") = "Prj13", "Prj13\Prj13.vcxproj", "{00BED88B-192C-4E90-BD7E-D4C9024C96B9}"
EndProject
Project("{8BC9CEB8-8B4A-11D0-8D11-00A0C91BC942}") = "Prj14", "Prj14\Prj14.vcxproj", "{0010DD35-FBA0-40D2-9E04-D159AD1A3C35}"
EndProject
Global
	GlobalSection(SolutionConfigurationPlatforms) = preSolution
		Debug|x64 = Debug|x64
		Debug|x86 = Debug|x86
		Release|x64 = Release|x64
		Release|x86 = Release|x86
	EndGlobalSection
	GlobalSection(ProjectConfigurationPlatforms) = postSolution
		{C50BC09C-EEAF-481F-936E-A449A7797C0A}.Debug|x64.ActiveCfg = Debug|x64
		{C50BC09C-EEAF-481F-936E-A449A7797C0A}.Debug|x64.Build.0 = Debug|x64
		{C50BC09C-EEAF-481F-936E-A449A7797C0A}.Debug|x86.ActiveCfg = Debug|Win32
		{C50BC09C-EEAF-481F-936E-A449A7797C0A}.Debug|x86.Build.0 = Debug|Win32
		{C50BC09C-EEAF-481F-936E-A449A7797C0A}.Release|x64.ActiveCfg = Release|x64
		{C50BC09C-EEAF-481F-936E-A449A7797C0A}.Release|x64.Build.0 = Release|x64
		{C50BC09C-EEAF-481F-936E-A449A7797C0A}.Release|x86.ActiveCfg = Release|Win32
		{C50BC09C-EEAF-481F-936E-A449A7797C0A}.Release|x86.Build.0 = Release|Win32
		{1304D0BE-549C-4A15-BB6D-672CE4997764}.Debug|x64.ActiveCfg = Debug|x64
		{1304D0BE-549C-4A15-BB6D-672CE4997764}.Debug|x64.Build.0 = Debug|x64
		{1304D0BE-549C-4A15-BB6D-672CE4997764}.Debug|x86.ActiveCfg = Debug|Win32
		{1304D0BE-549C-4A15-BB6D-672CE4997764}.Debug|x86.Build.0 = Debug|Win32
		{1304D0BE-549C-4A15-BB6D-672CE4997764}.Release|x64.ActiveCfg = Release|x64
		{1304D0BE-549C-4A15-BB6D-672CE4997764}.Release|x64.Build.0 = Release|x64
		{1304D0BE-549C-4A15-BB6D-672CE4997764}.Release|x86.ActiveCfg = Release|Win32
		{1304D0BE-549C-4A15-BB6D-672CE4997764}.Release|x86.Build.0 = Release|Win32
		{4D1F4176-BCC7-4544-90D5-E39B81E57DD8}.Debug|x64.ActiveCfg = Debug|x64
		{4D1F4176-BCC7-4544-90D5-E39B81E57DD8}.Debug|x64.Build.0 = Debug|x64
		{4D1F4176-BCC7-4544-90D5-E39B81E57DD8}.Debug|x86.ActiveCfg = Debug|Win32
		{4D1F4176-BCC7-4544-90D5-E39B81E57DD8}.Debug|x86.Build.0 = Debug|Win32
		{4D1F4176-BCC7-4544-90D5-E39B81E57DD8}.Release|x64.ActiveCfg = Release|x64
		{4D1F4176-BCC7-4544-90D5-E39B81E57DD8}.Release|x64.Build.0 = Release|x64
		{4D1F4176-BCC7-4544-90D5-E39B81E57DD8}.Release|x86.ActiveCfg = Release|Win32
		{4D1F4176-BCC7-4544-90D5-E39B81E57DD8}.Release|x86.Build.0 = Release|Win32
		{9E29D6C9-C3D4-4A5D-BD1C-939413A7FE14}.Debug|x64.ActiveCfg = Debug|x64
		{9E29D6C9-C3D4-4A5D-BD1C-939413A7FE14}.Debug|x64.Build.0 = Debug|x64
		{9E29D6C9-C3D4-4A5D-BD1C-939413A7FE14}.Debug|x86.ActiveCfg = Debug|Win32
		{9E29D6C9-C3D4-4A5D-BD1C-939413A7FE14}.Debug|x86.Build.0 = Debug|Win32
		{9E29D6C9-C3D4-4A5D-BD1C-939413A7FE14}.Release|x64.ActiveCfg = Release|x64
		{9E29D6C9-C3D4-4A5D-BD1C-939413A7FE14}.Release|x64.Build.0 = Release|x64
		{9E29D6C9-C3D4-4A5D-BD1C-939413A7FE14}.Release|x86.ActiveCfg = Release|Win32
		{9E29D6C9-C3D4-4A5D-BD1C-939413A7FE14}.Release|x86.Build.0 = Release|Win32
		{09BCC03C-2075-40A9-80F2-3D260A5FED01}.Debug|x64.ActiveCfg = Debug|x64
		{09BCC03C-2075-40A9-80F2-3D260A5FED01}.Debug|x64.Build.0 = Debug|x64
		{09BCC03C-2075-40A9-80F2-3D260A5FED01}.Debug|x86.ActiveCfg = Debug|Win32
		{09BCC03C-2075-40A9-80F2-3D260A5FED01}.Debug|x86.Build.0 = Debug|Win32
		{09BCC03C-2075-40A9-80F2-3D260A5FED01}.Release|x64.ActiveCfg = Release|x64
		{09BCC03C-2075-40A9-80F2-3D260A5FED01}.Release|x64.Build.0 = Release|x64
		{09BCC03C-2075-40A9-80F2-3D260A5FED01}.Release|x86.ActiveCfg = Release|Win32
		{09BCC03C-2075-40A9-80F2-3D260A5FED01}.Release|x86.Build.0 = Release|Win32
		{45D69AE1-FA67-4260-873F-92798EE05A57}.Debug|x64.ActiveCfg = Debug|x64
		{45D69AE1-FA67-4260-873F-92798EE05A57}.Debug|x64.Build.0 = Debug|x64
		{45D69AE1-FA67-4260-873F-92798EE05A57}.Debug|x86.ActiveCfg = Debug|Win32
		{45D69AE1-FA67-4260-873F-92798EE05A57}.Debug|x86.Build.0 = Debug|Win32
		{45D69AE1-FA67-4260-873F-92798EE05A57}.Release|x64.ActiveCfg = Release|x64
		{45D69AE1-FA67-4260-873F-92798EE05A57}.Release|x64.Build.0 = Release|x64
		{45D69AE1-FA67-4260-873F-92798EE05A57}.Release|x86.ActiveCfg = Release|Win32
		{45D69AE1-FA67-4260-873F-92798EE05A57}.Release|x86.Build.0 = Release|Win32
		{A153ABA7-1CE6-48E8-AB7E-8C05ED7FA99C}.Debug|x64.ActiveCfg = Debug|x64
		{A153ABA7-1CE6-48E8-AB7E-8C05ED7FA99C}.Debug|x64.Build.0 = Debug|x64
		{A153ABA7-1CE6-48E8-AB7E-8C05ED7FA99C}.Debug|x86.ActiveCfg = Debug|Win32
		{A153ABA7-1CE6-48E8-AB7E-8C05ED7FA99C}.Debug|x86.Build.0 = Debug|Win32
		{A153ABA7-1CE6-48E8-AB7E-8C05ED7FA99C}.Release|x64.ActiveCfg = Release|x64
		{A153ABA7-1CE6-48E8-AB7E-8C05ED7FA99C}.Release|x64.Build.0 = Release|x64
		{A153ABA7-1CE6-48E8-AB7E-8C05ED7FA99C}.Release|x86.ActiveCfg = Release|Win32
		{A153ABA7-1CE6-48E8-AB7E-8C05ED7FA99C}.Release|x86.Build.0 = Release|Win32
		{130A20EE-090E-4D44-9F08-EC6D840E604F}.Debug|x64.ActiveCfg = Debug|x64
		{130A20EE-090E-4D44-9F08-EC6D840E604F}.Debug|x64.Build.0 = Debug|x64
		{130A20EE-090E-4D44-9F08-EC6D840E604F}.Debug|x86.ActiveCfg = Debug|Win32
		{130A20EE-090E-4D44-9F08-EC6D840E604F}.Debug|x86.Build.0 = Debug|Win32
		{130A20EE-090E-4D44-9F08-EC6D840E604F}.Release|x64.ActiveCfg = Release|x64
		{130A20EE-090E-4D44-9F08-EC6D840E604F}.Release|x64.Build.0 = Release|x64
		{130A20EE-090E-4D44-9F08-EC6D840E604F}.Release|x86.ActiveCfg = Release|Win32
		{130A20EE-090E-4D44-9F08-EC6D840E604F}.Release|x86.Build.0 = Release|Win32
		{B222B6D0-C392-4478-BA90-796919D4A71A}.Debug|x64.ActiveCfg = Debug|x64
		{B222B6D0-C392-4478-BA90-796919D4A71A}.Debug|x64.Build.0 = Debug|x64
		{B222B6D0-C392-4478-BA90-796919D4A71A}.Debug|x86.ActiveCfg = Debug|Win32
		{B222B6D0-C392-4478-BA90-796919D4A71A}.Debug|x86.Build.0 = Debug|Win32
		{B222B6D0-C392-4478-BA90-796919D4A71A}.Release|x64.ActiveCfg = Release|x64
		{B222B6D0-C392-4478-BA90-796919D4A71A}.Release|x64.Build.0 = Release|x64
		{B222B6D0-C392-4478-BA90-796919D4A71A}.Release|x86.ActiveCfg = Release|Win32
		{B222B6D0-C392-4478-BA90-796919D4A71A}.Release|x86.Build.0 = Release|Win32
		{7EC9E2D2-ECD8-406F-83E6-8B455F1D4AB9}.Debug|x64.ActiveCfg = Debug|x64
		{7EC9E2D2-ECD8-406F-83E6-8B455F1D4AB9}.Debug|x64.Build.0 = Debug|x64
		{7EC9E2D2-ECD8-406F-83E6-8B455F1D4AB9}.Debug|x86.ActiveCfg = Debug|Win32
		{7EC9E2D2-ECD8-406F-83E6-8B455F1D4AB9}.Debug|x86.Build.0 = Debug|Win32
		{7EC9E2D2-ECD8-406F-83E6-8B455F1D4AB9}.Release|x64.ActiveCfg = Release|x64
		{7EC9E2D2-ECD8-406F-83E6-8B455F1D4AB9}.Release|x64.Build.0 = Release|x64
		{7EC9E2D2-ECD8-406F-83E6-8B455F1D4AB9}.Release|x86.ActiveCfg = Release|Win32
		{7EC9E2D2-ECD8-406F-83E6-8B455F1D4AB9}.Release|x86.Build.0 = Release|Win32
		{1BDEA18E-789D-4B16-AA4C-40D4789B462C}.Debug|x64.ActiveCfg = Debug|x64
		{1BDEA18E-789D-4B16-AA4C-40D4789B462C}.Debug|x64.Build.0 = Debug|x64
		{1BDEA18E-789D-4B16-AA4C-40D4789B462C}.Debug|x86.ActiveCfg = Debug|Win32
		{1BDEA18E-789D-4B16-AA4C-40D4789B462C}.Debug|x86.Build.0 = Debug|Win32
		{1BDEA18E-789D-4B16-AA4C-40D4789B462C}.Release|x64.ActiveCfg = Release|x64
		{1BDEA18E-789D-4B16-AA4C-40D4789B462C}.Release|x64.Build.0 = Release|x64
		{1BDEA18E-789D-4B16-AA4C-40D4789B462C}.Release|x86.ActiveCfg = Release|Win32
		{1BDEA18E-789D-4B16-AA4C-40D4789B462C}.Release|x86.Build.0 = Release|Win32
		{52BFF9E0-7006-4FD2-BB73-8FF29A40E545}.Debug|x64.ActiveCfg = Debug|x64
		{52BFF9E0-7006-4FD2-BB73-8FF29A40E545}.Debug|x64.Build.0 = Debug|x64
		{52BFF9E0-7006-4FD2-BB73-8FF29A40E545}.Debug|x86.ActiveCfg = Debug|Win32
		{52BFF9E0-7006-4FD2-BB73-8FF29A40E545}.Debug|x86.Build.0 = Debug|Win32
		{52BFF9E0-7006-4FD2-BB73-8FF29A40E545}.Release|x64.ActiveCfg = Release|x64
		{52BFF9E0-7006-4FD2-BB73-8FF29A40E545}.Release|x64.Build.0 = Release|x64
		{52BFF9E0-7006-4FD2-BB73-8FF29A40E545}.Release|x86.ActiveCfg = Release|Win32
		{52BFF9E0-7006-4FD2-BB73-8FF29A40E545}.Release|x86.Build.0 = Release|Win32
		{00BED88B-192C-4E90-BD7E-D4C9024C96B9}.Debug|x64.ActiveCfg = Debug|x64
		{00BED88B-192C-4E90-BD7E-D4C9024C96B9}.Debug|x64.Build.0 = Debug|x64
		{00BED88B-192C-4E90-BD7E-D4C9024C96B9}.Debug|x86.ActiveCfg = Debug|Win32
		{00BED88B-192C-4E90-BD7E-D4C9024C96B9}.Debug|x86.Build.0 = Debug|Win32
		{00BED88B-192C-4E90-BD7E-D4C9024C96B9}.Release|x64.ActiveCfg = Release|x64
		{00BED88B-192C-4E90-BD7E-D4C9024C96B9}.Release|x64.Build.0 = Release|x64
		{00BED88B-192C-4E90-BD7E-D4C9024C96B9}.Release|x86.ActiveCfg = Release|Win32
		{00BED88B-192C-4E90-BD7E-D4C9024C96B9}.Release|x86.Build.0 = Release|Win32
		{0010DD35-FBA0-40D2-9E04-D159AD1A3C35}.Debug|x64.ActiveCfg = Debug|x64
		{0010DD35-FBA0-40D2-9E04-D159AD1A3C35}.Debug|x64.Build.0 = Debug|x64
		{0010DD35-FBA0-40D2-9E04-D159AD1A3C35}.Debug|x86.ActiveCfg = Debug|Win32
		{0010DD35-FBA0-40D2-9E04-D159AD1A3C35}.Debug|x86.Build.0 = Debug|Win32
		{0010DD35-FBA0-40D2-9E04-D159AD1A3C35}.Release|x64.ActiveCfg = Release|x64
		{0010DD35-FBA0-40D2-9E04-D159AD1A3C35}.Release|x64.Build.0 = Release|x64
		{0010DD35-FBA0-40D2-9E04-D159AD1A3C35}.Release|x86.ActiveCfg = Release|Win32
		{0010DD35-FBA0-40D2-9E04-D159AD1A3C35}.Release|x86.Build.0 = Release|Win32
	EndGlobalSection
	GlobalSection(SolutionProperties) = preSolution
		HideSolutionNode = FALSE
	EndGlobalSection
EndGlobal
