
Microsoft Visual Studio Solution File, Format Version 12.00
# Visual Studio 14
VisualStudioVersion = 14.0.25420.1
MinimumVisualStudioVersion = 10.0.40219.1
Project("{8BC9CEB8-8B4A-11D0-8D11-00A0C91BC942}") = "P1", "P1\P1.vcxproj", "{77E7CCD6-AB15-4CEE-8EC4-983B54213EEB}"
EndProject
Project("{8BC9CEB8-8B4A-11D0-8D11-00A0C91BC942}") = "P2", "P2\P2.vcxproj", "{0D0450EF-DCD7-4150-9C4B-67E2CC449A8F}"
EndProject
Project("{8BC9CEB8-8B4A-11D0-8D11-00A0C91BC942}") = "P3", "P3\P3.vcxproj", "{9E44B127-99D4-4AA6-AA0C-6B0A9D7F385B}"
EndProject
Project("{8BC9CEB8-8B4A-11D0-8D11-00A0C91BC942}") = "P4", "P4\P4.vcxproj", "{2ACD3228-5CB5-4EC2-A9BD-6D8C26BFB056}"
EndProject
Project("{8BC9CEB8-8B4A-11D0-8D11-00A0C91BC942}") = "P5", "P5\P5.vcxproj", "{8C38ABA2-A3DA-431E-8508-98EDFE80FA15}"
EndProject
Project("{8BC9CEB8-8B4A-11D0-8D11-00A0C91BC942}") = "P6", "P6\P6.vcxproj", "{25474BBA-0D12-40F6-88FE-7E9CDB67498A}"
EndProject
Project("{8BC9CEB8-8B4A-11D0-8D11-00A0C91BC942}") = "P7", "P7\P7.vcxproj", "{5E8EB17F-66D5-4D7F-A553-CDA87BDA232F}"
EndProject
Project("{8BC9CEB8-8B4A-11D0-8D11-00A0C91BC942}") = "P8", "P8\P8.vcxproj", "{918A934E-2F07-42C3-9B41-9EC1D2B9B414}"
EndProject
Project("{8BC9CEB8-8B4A-11D0-8D11-00A0C91BC942}") = "P9", "P9\P9.vcxproj", "{9177509F-35CF-45BF-B912-1B27FE93F88D}"
EndProject
Project("{8BC9CEB8-8B4A-11D0-8D11-00A0C91BC942}") = "P10", "P10\P10.vcxproj", "{81817708-C23B-46E2-B3DF-5858BCFB7204}"
EndProject
Project("{8BC9CEB8-8B4A-11D0-8D11-00A0C91BC942}") = "P11", "P11\P11.vcxproj", "{16AB7D96-7025-40BA-842F-3E80E5D26D55}"
EndProject
Project("{8BC9CEB8-8B4A-11D0-8D11-00A0C91BC942}") = "P12", "P12\P12.vcxproj", "{BE6AE3D4-BEAF-45CF-9CCC-9209B20B171A}"
EndProject
Project("{8BC9CEB8-8B4A-11D0-8D11-00A0C91BC942}") = "P13", "P13\P13.vcxproj", "{718864AA-D277-4844-B816-1E13DDA657F2}"
EndProject
Project("{8BC9CEB8-8B4A-11D0-8D11-00A0C91BC942}") = "P14", "P14\P14.vcxproj", "{FD3A8E05-2637-4022-BDB6-5C371AB513F4}"
EndProject
Global
	GlobalSection(SolutionConfigurationPlatforms) = preSolution
		Debug|x64 = Debug|x64
		Debug|x86 = Debug|x86
		Release|x64 = Release|x64
		Release|x86 = Release|x86
	EndGlobalSection
	GlobalSection(ProjectConfigurationPlatforms) = postSolution
		{77E7CCD6-AB15-4CEE-8EC4-983B54213EEB}.Debug|x64.ActiveCfg = Debug|x64
		{77E7CCD6-AB15-4CEE-8EC4-983B54213EEB}.Debug|x64.Build.0 = Debug|x64
		{77E7CCD6-AB15-4CEE-8EC4-983B54213EEB}.Debug|x86.ActiveCfg = Debug|Win32
		{77E7CCD6-AB15-4CEE-8EC4-983B54213EEB}.Debug|x86.Build.0 = Debug|Win32
		{77E7CCD6-AB15-4CEE-8EC4-983B54213EEB}.Release|x64.ActiveCfg = Release|x64
		{77E7CCD6-AB15-4CEE-8EC4-983B54213EEB}.Release|x64.Build.0 = Release|x64
		{77E7CCD6-AB15-4CEE-8EC4-983B54213EEB}.Release|x86.ActiveCfg = Release|Win32
		{77E7CCD6-AB15-4CEE-8EC4-983B54213EEB}.Release|x86.Build.0 = Release|Win32
		{0D0450EF-DCD7-4150-9C4B-67E2CC449A8F}.Debug|x64.ActiveCfg = Debug|x64
		{0D0450EF-DCD7-4150-9C4B-67E2CC449A8F}.Debug|x64.Build.0 = Debug|x64
		{0D0450EF-DCD7-4150-9C4B-67E2CC449A8F}.Debug|x86.ActiveCfg = Debug|Win32
		{0D0450EF-DCD7-4150-9C4B-67E2CC449A8F}.Debug|x86.Build.0 = Debug|Win32
		{0D0450EF-DCD7-4150-9C4B-67E2CC449A8F}.Release|x64.ActiveCfg = Release|x64
		{0D0450EF-DCD7-4150-9C4B-67E2CC449A8F}.Release|x64.Build.0 = Release|x64
		{0D0450EF-DCD7-4150-9C4B-67E2CC449A8F}.Release|x86.ActiveCfg = Release|Win32
		{0D0450EF-DCD7-4150-9C4B-67E2CC449A8F}.Release|x86.Build.0 = Release|Win32
		{9E44B127-99D4-4AA6-AA0C-6B0A9D7F385B}.Debug|x64.ActiveCfg = Debug|x64
		{9E44B127-99D4-4AA6-AA0C-6B0A9D7F385B}.Debug|x64.Build.0 = Debug|x64
		{9E44B127-99D4-4AA6-AA0C-6B0A9D7F385B}.Debug|x86.ActiveCfg = Debug|Win32
		{9E44B127-99D4-4AA6-AA0C-6B0A9D7F385B}.Debug|x86.Build.0 = Debug|Win32
		{9E44B127-99D4-4AA6-AA0C-6B0A9D7F385B}.Release|x64.ActiveCfg = Release|x64
		{9E44B127-99D4-4AA6-AA0C-6B0A9D7F385B}.Release|x64.Build.0 = Release|x64
		{9E44B127-99D4-4AA6-AA0C-6B0A9D7F385B}.Release|x86.ActiveCfg = Release|Win32
		{9E44B127-99D4-4AA6-AA0C-6B0A9D7F385B}.Release|x86.Build.0 = Release|Win32
		{2ACD3228-5CB5-4EC2-A9BD-6D8C26BFB056}.Debug|x64.ActiveCfg = Debug|x64
		{2ACD3228-5CB5-4EC2-A9BD-6D8C26BFB056}.Debug|x64.Build.0 = Debug|x64
		{2ACD3228-5CB5-4EC2-A9BD-6D8C26BFB056}.Debug|x86.ActiveCfg = Debug|Win32
		{2ACD3228-5CB5-4EC2-A9BD-6D8C26BFB056}.Debug|x86.Build.0 = Debug|Win32
		{2ACD3228-5CB5-4EC2-A9BD-6D8C26BFB056}.Release|x64.ActiveCfg = Release|x64
		{2ACD3228-5CB5-4EC2-A9BD-6D8C26BFB056}.Release|x64.Build.0 = Release|x64
		{2ACD3228-5CB5-4EC2-A9BD-6D8C26BFB056}.Release|x86.ActiveCfg = Release|Win32
		{2ACD3228-5CB5-4EC2-A9BD-6D8C26BFB056}.Release|x86.Build.0 = Release|Win32
		{8C38ABA2-A3DA-431E-8508-98EDFE80FA15}.Debug|x64.ActiveCfg = Debug|x64
		{8C38ABA2-A3DA-431E-8508-98EDFE80FA15}.Debug|x64.Build.0 = Debug|x64
		{8C38ABA2-A3DA-431E-8508-98EDFE80FA15}.Debug|x86.ActiveCfg = Debug|Win32
		{8C38ABA2-A3DA-431E-8508-98EDFE80FA15}.Debug|x86.Build.0 = Debug|Win32
		{8C38ABA2-A3DA-431E-8508-98EDFE80FA15}.Release|x64.ActiveCfg = Release|x64
		{8C38ABA2-A3DA-431E-8508-98EDFE80FA15}.Release|x64.Build.0 = Release|x64
		{8C38ABA2-A3DA-431E-8508-98EDFE80FA15}.Release|x86.ActiveCfg = Release|Win32
		{8C38ABA2-A3DA-431E-8508-98EDFE80FA15}.Release|x86.Build.0 = Release|Win32
		{25474BBA-0D12-40F6-88FE-7E9CDB67498A}.Debug|x64.ActiveCfg = Debug|x64
		{25474BBA-0D12-40F6-88FE-7E9CDB67498A}.Debug|x64.Build.0 = Debug|x64
		{25474BBA-0D12-40F6-88FE-7E9CDB67498A}.Debug|x86.ActiveCfg = Debug|Win32
		{25474BBA-0D12-40F6-88FE-7E9CDB67498A}.Debug|x86.Build.0 = Debug|Win32
		{25474BBA-0D12-40F6-88FE-7E9CDB67498A}.Release|x64.ActiveCfg = Release|x64
		{25474BBA-0D12-40F6-88FE-7E9CDB67498A}.Release|x64.Build.0 = Release|x64
		{25474BBA-0D12-40F6-88FE-7E9CDB67498A}.Release|x86.ActiveCfg = Release|Win32
		{25474BBA-0D12-40F6-88FE-7E9CDB67498A}.Release|x86.Build.0 = Release|Win32
		{5E8EB17F-66D5-4D7F-A553-CDA87BDA232F}.Debug|x64.ActiveCfg = Debug|x64
		{5E8EB17F-66D5-4D7F-A553-CDA87BDA232F}.Debug|x64.Build.0 = Debug|x64
		{5E8EB17F-66D5-4D7F-A553-CDA87BDA232F}.Debug|x86.ActiveCfg = Debug|Win32
		{5E8EB17F-66D5-4D7F-A553-CDA87BDA232F}.Debug|x86.Build.0 = Debug|Win32
		{5E8EB17F-66D5-4D7F-A553-CDA87BDA232F}.Release|x64.ActiveCfg = Release|x64
		{5E8EB17F-66D5-4D7F-A553-CDA87BDA232F}.Release|x64.Build.0 = Release|x64
		{5E8EB17F-66D5-4D7F-A553-CDA87BDA232F}.Release|x86.ActiveCfg = Release|Win32
		{5E8EB17F-66D5-4D7F-A553-CDA87BDA232F}.Release|x86.Build.0 = Release|Win32
		{918A934E-2F07-42C3-9B41-9EC1D2B9B414}.Debug|x64.ActiveCfg = Debug|x64
		{918A934E-2F07-42C3-9B41-9EC1D2B9B414}.Debug|x64.Build.0 = Debug|x64
		{918A934E-2F07-42C3-9B41-9EC1D2B9B414}.Debug|x86.ActiveCfg = Debug|Win32
		{918A934E-2F07-42C3-9B41-9EC1D2B9B414}.Debug|x86.Build.0 = Debug|Win32
		{918A934E-2F07-42C3-9B41-9EC1D2B9B414}.Release|x64.ActiveCfg = Release|x64
		{918A934E-2F07-42C3-9B41-9EC1D2B9B414}.Release|x64.Build.0 = Release|x64
		{918A934E-2F07-42C3-9B41-9EC1D2B9B414}.Release|x86.ActiveCfg = Release|Win32
		{918A934E-2F07-42C3-9B41-9EC1D2B9B414}.Release|x86.Build.0 = Release|Win32
		{9177509F-35CF-45BF-B912-1B27FE93F88D}.Debug|x64.ActiveCfg = Debug|x64
		{9177509F-35CF-45BF-B912-1B27FE93F88D}.Debug|x64.Build.0 = Debug|x64
		{9177509F-35CF-45BF-B912-1B27FE93F88D}.Debug|x86.ActiveCfg = Debug|Win32
		{9177509F-35CF-45BF-B912-1B27FE93F88D}.Debug|x86.Build.0 = Debug|Win32
		{9177509F-35CF-45BF-B912-1B27FE93F88D}.Release|x64.ActiveCfg = Release|x64
		{9177509F-35CF-45BF-B912-1B27FE93F88D}.Release|x64.Build.0 = Release|x64
		{9177509F-35CF-45BF-B912-1B27FE93F88D}.Release|x86.ActiveCfg = Release|Win32
		{9177509F-35CF-45BF-B912-1B27FE93F88D}.Release|x86.Build.0 = Release|Win32
		{81817708-C23B-46E2-B3DF-5858BCFB7204}.Debug|x64.ActiveCfg = Debug|x64
		{81817708-C23B-46E2-B3DF-5858BCFB7204}.Debug|x64.Build.0 = Debug|x64
		{81817708-C23B-46E2-B3DF-5858BCFB7204}.Debug|x86.ActiveCfg = Debug|Win32
		{81817708-C23B-46E2-B3DF-5858BCFB7204}.Debug|x86.Build.0 = Debug|Win32
		{81817708-C23B-46E2-B3DF-5858BCFB7204}.Release|x64.ActiveCfg = Release|x64
		{81817708-C23B-46E2-B3DF-5858BCFB7204}.Release|x64.Build.0 = Release|x64
		{81817708-C23B-46E2-B3DF-5858BCFB7204}.Release|x86.ActiveCfg = Release|Win32
		{81817708-C23B-46E2-B3DF-5858BCFB7204}.Release|x86.Build.0 = Release|Win32
		{16AB7D96-7025-40BA-842F-3E80E5D26D55}.Debug|x64.ActiveCfg = Debug|x64
		{16AB7D96-7025-40BA-842F-3E80E5D26D55}.Debug|x64.Build.0 = Debug|x64
		{16AB7D96-7025-40BA-842F-3E80E5D26D55}.Debug|x86.ActiveCfg = Debug|Win32
		{16AB7D96-7025-40BA-842F-3E80E5D26D55}.Debug|x86.Build.0 = Debug|Win32
		{16AB7D96-7025-40BA-842F-3E80E5D26D55}.Release|x64.ActiveCfg = Release|x64
		{16AB7D96-7025-40BA-842F-3E80E5D26D55}.Release|x64.Build.0 = Release|x64
		{16AB7D96-7025-40BA-842F-3E80E5D26D55}.Release|x86.ActiveCfg = Release|Win32
		{16AB7D96-7025-40BA-842F-3E80E5D26D55}.Release|x86.Build.0 = Release|Win32
		{BE6AE3D4-BEAF-45CF-9CCC-9209B20B171A}.Debug|x64.ActiveCfg = Debug|x64
		{BE6AE3D4-BEAF-45CF-9CCC-9209B20B171A}.Debug|x64.Build.0 = Debug|x64
		{BE6AE3D4-BEAF-45CF-9CCC-9209B20B171A}.Debug|x86.ActiveCfg = Debug|Win32
		{BE6AE3D4-BEAF-45CF-9CCC-9209B20B171A}.Debug|x86.Build.0 = Debug|Win32
		{BE6AE3D4-BEAF-45CF-9CCC-9209B20B171A}.Release|x64.ActiveCfg = Release|x64
		{BE6AE3D4-BEAF-45CF-9CCC-9209B20B171A}.Release|x64.Build.0 = Release|x64
		{BE6AE3D4-BEAF-45CF-9CCC-9209B20B171A}.Release|x86.ActiveCfg = Release|Win32
		{BE6AE3D4-BEAF-45CF-9CCC-9209B20B171A}.Release|x86.Build.0 = Release|Win32
		{718864AA-D277-4844-B816-1E13DDA657F2}.Debug|x64.ActiveCfg = Debug|x64
		{718864AA-D277-4844-B816-1E13DDA657F2}.Debug|x64.Build.0 = Debug|x64
		{718864AA-D277-4844-B816-1E13DDA657F2}.Debug|x86.ActiveCfg = Debug|Win32
		{718864AA-D277-4844-B816-1E13DDA657F2}.Debug|x86.Build.0 = Debug|Win32
		{718864AA-D277-4844-B816-1E13DDA657F2}.Release|x64.ActiveCfg = Release|x64
		{718864AA-D277-4844-B816-1E13DDA657F2}.Release|x64.Build.0 = Release|x64
		{718864AA-D277-4844-B816-1E13DDA657F2}.Release|x86.ActiveCfg = Release|Win32
		{718864AA-D277-4844-B816-1E13DDA657F2}.Release|x86.Build.0 = Release|Win32
		{FD3A8E05-2637-4022-BDB6-5C371AB513F4}.Debug|x64.ActiveCfg = Debug|x64
		{FD3A8E05-2637-4022-BDB6-5C371AB513F4}.Debug|x64.Build.0 = Debug|x64
		{FD3A8E05-2637-4022-BDB6-5C371AB513F4}.Debug|x86.ActiveCfg = Debug|Win32
		{FD3A8E05-2637-4022-BDB6-5C371AB513F4}.Debug|x86.Build.0 = Debug|Win32
		{FD3A8E05-2637-4022-BDB6-5C371AB513F4}.Release|x64.ActiveCfg = Release|x64
		{FD3A8E05-2637-4022-BDB6-5C371AB513F4}.Release|x64.Build.0 = Release|x64
		{FD3A8E05-2637-4022-BDB6-5C371AB513F4}.Release|x86.ActiveCfg = Release|Win32
		{FD3A8E05-2637-4022-BDB6-5C371AB513F4}.Release|x86.Build.0 = Release|Win32
	EndGlobalSection
	GlobalSection(SolutionProperties) = preSolution
		HideSolutionNode = FALSE
	EndGlobalSection
EndGlobal
