
Microsoft Visual Studio Solution File, Format Version 12.00
# Visual Studio 14
VisualStudioVersion = 14.0.25420.1
MinimumVisualStudioVersion = 10.0.40219.1
Project("{8BC9CEB8-8B4A-11D0-8D11-00A0C91BC942}") = "Prj01", "Prj01\Prj01.vcxproj", "{35CCFE6D-B60A-4ED8-B67F-0ECF48CEA96B}"
EndProject
Project("{8BC9CEB8-8B4A-11D0-8D11-00A0C91BC942}") = "Prj02", "Prj02\Prj02.vcxproj", "{1E1467F0-BCAD-4556-9C6A-8F2468EB024D}"
EndProject
Project("{8BC9CEB8-8B4A-11D0-8D11-00A0C91BC942}") = "Prj03", "Prj03\Prj03.vcxproj", "{F9A6682F-56FA-4587-8F6F-71370EE135AD}"
EndProject
Project("{8BC9CEB8-8B4A-11D0-8D11-00A0C91BC942}") = "Prj04", "Prj04\Prj04.vcxproj", "{BE16A7B5-F5F2-47C8-9C4F-832A1475E778}"
EndProject
Project("{8BC9CEB8-8B4A-11D0-8D11-00A0C91BC942}") = "Prj05", "Prj05\Prj05.vcxproj", "{862EC468-FAD2-46E3-BEAD-E152F9723440}"
EndProject
Project("{8BC9CEB8-8B4A-11D0-8D11-00A0C91BC942}") = "Prj06", "Prj06\Prj06.vcxproj", "{244E7604-D769-4C87-9899-A15DC14A5708}"
EndProject
Project("{8BC9CEB8-8B4A-11D0-8D11-00A0C91BC942}") = "Prj07", "Prj07\Prj07.vcxproj", "{6C8A4845-B3AA-43DB-ACC6-7DB2634421BE}"
EndProject
Project("{8BC9CEB8-8B4A-11D0-8D11-00A0C91BC942}") = "Prj08", "Prj08\Prj08.vcxproj", "{1284521D-0AC2-4CE7-B33D-0FEC73BDAD58}"
EndProject
Project("{8BC9CEB8-8B4A-11D0-8D11-00A0C91BC942}") = "Prj09", "Prj09\Prj09.vcxproj", "{FE281449-7A00-408D-8AE8-F608F4FCD456}"
EndProject
Project("{8BC9CEB8-8B4A-11D0-8D11-00A0C91BC942}") = "Prj10", "Prj10\Prj10.vcxproj", "{6E3D2D22-EC07-4FB0-B6B7-56329B6FDB2C}"
EndProject
Project("{8BC9CEB8-8B4A-11D0-8D11-00A0C91BC942}") = "Prj11", "Prj11\Prj11.vcxproj", "{B32F5E17-10B7-47A3-8816-64936522D0BB}"
EndProject
Project("{8BC9CEB8-8B4A-11D0-8D11-00A0C91BC942}") = "Prj12", "Prj12\Prj12.vcxproj", "{834F6657-6E65-4032-A196-1C289B61DEFA}"
EndProject
Project("{8BC9CEB8-8B4A-11D0-8D11-00A0C91BC942}") = "Prj13", "Prj13\Prj13.vcxproj", "{C688F0E5-CBFE-4118-9806-84332D3A10C0}"
EndProject
Global
	GlobalSection(SolutionConfigurationPlatforms) = preSolution
		Debug|x64 = Debug|x64
		Debug|x86 = Debug|x86
		Release|x64 = Release|x64
		Release|x86 = Release|x86
	EndGlobalSection
	GlobalSection(ProjectConfigurationPlatforms) = postSolution
		{35CCFE6D-B60A-4ED8-B67F-0ECF48CEA96B}.Debug|x64.ActiveCfg = Debug|x64
		{35CCFE6D-B60A-4ED8-B67F-0ECF48CEA96B}.Debug|x64.Build.0 = Debug|x64
		{35CCFE6D-B60A-4ED8-B67F-0ECF48CEA96B}.Debug|x86.ActiveCfg = Debug|Win32
		{35CCFE6D-B60A-4ED8-B67F-0ECF48CEA96B}.Debug|x86.Build.0 = Debug|Win32
		{35CCFE6D-B60A-4ED8-B67F-0ECF48CEA96B}.Release|x64.ActiveCfg = Release|x64
		{35CCFE6D-B60A-4ED8-B67F-0ECF48CEA96B}.Release|x64.Build.0 = Release|x64
		{35CCFE6D-B60A-4ED8-B67F-0ECF48CEA96B}.Release|x86.ActiveCfg = Release|Win32
		{35CCFE6D-B60A-4ED8-B67F-0ECF48CEA96B}.Release|x86.Build.0 = Release|Win32
		{1E1467F0-BCAD-4556-9C6A-8F2468EB024D}.Debug|x64.ActiveCfg = Debug|x64
		{1E1467F0-BCAD-4556-9C6A-8F2468EB024D}.Debug|x64.Build.0 = Debug|x64
		{1E1467F0-BCAD-4556-9C6A-8F2468EB024D}.Debug|x86.ActiveCfg = Debug|Win32
		{1E1467F0-BCAD-4556-9C6A-8F2468EB024D}.Debug|x86.Build.0 = Debug|Win32
		{1E1467F0-BCAD-4556-9C6A-8F2468EB024D}.Release|x64.ActiveCfg = Release|x64
		{1E1467F0-BCAD-4556-9C6A-8F2468EB024D}.Release|x64.Build.0 = Release|x64
		{1E1467F0-BCAD-4556-9C6A-8F2468EB024D}.Release|x86.ActiveCfg = Release|Win32
		{1E1467F0-BCAD-4556-9C6A-8F2468EB024D}.Release|x86.Build.0 = Release|Win32
		{F9A6682F-56FA-4587-8F6F-71370EE135AD}.Debug|x64.ActiveCfg = Debug|x64
		{F9A6682F-56FA-4587-8F6F-71370EE135AD}.Debug|x64.Build.0 = Debug|x64
		{F9A6682F-56FA-4587-8F6F-71370EE135AD}.Debug|x86.ActiveCfg = Debug|Win32
		{F9A6682F-56FA-4587-8F6F-71370EE135AD}.Debug|x86.Build.0 = Debug|Win32
		{F9A6682F-56FA-4587-8F6F-71370EE135AD}.Release|x64.ActiveCfg = Release|x64
		{F9A6682F-56FA-4587-8F6F-71370EE135AD}.Release|x64.Build.0 = Release|x64
		{F9A6682F-56FA-4587-8F6F-71370EE135AD}.Release|x86.ActiveCfg = Release|Win32
		{F9A6682F-56FA-4587-8F6F-71370EE135AD}.Release|x86.Build.0 = Release|Win32
		{BE16A7B5-F5F2-47C8-9C4F-832A1475E778}.Debug|x64.ActiveCfg = Debug|x64
		{BE16A7B5-F5F2-47C8-9C4F-832A1475E778}.Debug|x64.Build.0 = Debug|x64
		{BE16A7B5-F5F2-47C8-9C4F-832A1475E778}.Debug|x86.ActiveCfg = Debug|Win32
		{BE16A7B5-F5F2-47C8-9C4F-832A1475E778}.Debug|x86.Build.0 = Debug|Win32
		{BE16A7B5-F5F2-47C8-9C4F-832A1475E778}.Release|x64.ActiveCfg = Release|x64
		{BE16A7B5-F5F2-47C8-9C4F-832A1475E778}.Release|x64.Build.0 = Release|x64
		{BE16A7B5-F5F2-47C8-9C4F-832A1475E778}.Release|x86.ActiveCfg = Release|Win32
		{BE16A7B5-F5F2-47C8-9C4F-832A1475E778}.Release|x86.Build.0 = Release|Win32
		{862EC468-FAD2-46E3-BEAD-E152F9723440}.Debug|x64.ActiveCfg = Debug|x64
		{862EC468-FAD2-46E3-BEAD-E152F9723440}.Debug|x64.Build.0 = Debug|x64
		{862EC468-FAD2-46E3-BEAD-E152F9723440}.Debug|x86.ActiveCfg = Debug|Win32
		{862EC468-FAD2-46E3-BEAD-E152F9723440}.Debug|x86.Build.0 = Debug|Win32
		{862EC468-FAD2-46E3-BEAD-E152F9723440}.Release|x64.ActiveCfg = Release|x64
		{862EC468-FAD2-46E3-BEAD-E152F9723440}.Release|x64.Build.0 = Release|x64
		{862EC468-FAD2-46E3-BEAD-E152F9723440}.Release|x86.ActiveCfg = Release|Win32
		{862EC468-FAD2-46E3-BEAD-E152F9723440}.Release|x86.Build.0 = Release|Win32
		{244E7604-D769-4C87-9899-A15DC14A5708}.Debug|x64.ActiveCfg = Debug|x64
		{244E7604-D769-4C87-9899-A15DC14A5708}.Debug|x64.Build.0 = Debug|x64
		{244E7604-D769-4C87-9899-A15DC14A5708}.Debug|x86.ActiveCfg = Debug|Win32
		{244E7604-D769-4C87-9899-A15DC14A5708}.Debug|x86.Build.0 = Debug|Win32
		{244E7604-D769-4C87-9899-A15DC14A5708}.Release|x64.ActiveCfg = Release|x64
		{244E7604-D769-4C87-9899-A15DC14A5708}.Release|x64.Build.0 = Release|x64
		{244E7604-D769-4C87-9899-A15DC14A5708}.Release|x86.ActiveCfg = Release|Win32
		{244E7604-D769-4C87-9899-A15DC14A5708}.Release|x86.Build.0 = Release|Win32
		{6C8A4845-B3AA-43DB-ACC6-7DB2634421BE}.Debug|x64.ActiveCfg = Debug|x64
		{6C8A4845-B3AA-43DB-ACC6-7DB2634421BE}.Debug|x64.Build.0 = Debug|x64
		{6C8A4845-B3AA-43DB-ACC6-7DB2634421BE}.Debug|x86.ActiveCfg = Debug|Win32
		{6C8A4845-B3AA-43DB-ACC6-7DB2634421BE}.Debug|x86.Build.0 = Debug|Win32
		{6C8A4845-B3AA-43DB-ACC6-7DB2634421BE}.Release|x64.ActiveCfg = Release|x64
		{6C8A4845-B3AA-43DB-ACC6-7DB2634421BE}.Release|x64.Build.0 = Release|x64
		{6C8A4845-B3AA-43DB-ACC6-7DB2634421BE}.Release|x86.ActiveCfg = Release|Win32
		{6C8A4845-B3AA-43DB-ACC6-7DB2634421BE}.Release|x86.Build.0 = Release|Win32
		{1284521D-0AC2-4CE7-B33D-0FEC73BDAD58}.Debug|x64.ActiveCfg = Debug|x64
		{1284521D-0AC2-4CE7-B33D-0FEC73BDAD58}.Debug|x64.Build.0 = Debug|x64
		{1284521D-0AC2-4CE7-B33D-0FEC73BDAD58}.Debug|x86.ActiveCfg = Debug|Win32
		{1284521D-0AC2-4CE7-B33D-0FEC73BDAD58}.Debug|x86.Build.0 = Debug|Win32
		{1284521D-0AC2-4CE7-B33D-0FEC73BDAD58}.Release|x64.ActiveCfg = Release|x64
		{1284521D-0AC2-4CE7-B33D-0FEC73BDAD58}.Release|x64.Build.0 = Release|x64
		{1284521D-0AC2-4CE7-B33D-0FEC73BDAD58}.Release|x86.ActiveCfg = Release|Win32
		{1284521D-0AC2-4CE7-B33D-0FEC73BDAD58}.Release|x86.Build.0 = Release|Win32
		{FE281449-7A00-408D-8AE8-F608F4FCD456}.Debug|x64.ActiveCfg = Debug|x64
		{FE281449-7A00-408D-8AE8-F608F4FCD456}.Debug|x64.Build.0 = Debug|x64
		{FE281449-7A00-408D-8AE8-F608F4FCD456}.Debug|x86.ActiveCfg = Debug|Win32
		{FE281449-7A00-408D-8AE8-F608F4FCD456}.Debug|x86.Build.0 = Debug|Win32
		{FE281449-7A00-408D-8AE8-F608F4FCD456}.Release|x64.ActiveCfg = Release|x64
		{FE281449-7A00-408D-8AE8-F608F4FCD456}.Release|x64.Build.0 = Release|x64
		{FE281449-7A00-408D-8AE8-F608F4FCD456}.Release|x86.ActiveCfg = Release|Win32
		{FE281449-7A00-408D-8AE8-F608F4FCD456}.Release|x86.Build.0 = Release|Win32
		{6E3D2D22-EC07-4FB0-B6B7-56329B6FDB2C}.Debug|x64.ActiveCfg = Debug|x64
		{6E3D2D22-EC07-4FB0-B6B7-56329B6FDB2C}.Debug|x64.Build.0 = Debug|x64
		{6E3D2D22-EC07-4FB0-B6B7-56329B6FDB2C}.Debug|x86.ActiveCfg = Debug|Win32
		{6E3D2D22-EC07-4FB0-B6B7-56329B6FDB2C}.Debug|x86.Build.0 = Debug|Win32
		{6E3D2D22-EC07-4FB0-B6B7-56329B6FDB2C}.Release|x64.ActiveCfg = Release|x64
		{6E3D2D22-EC07-4FB0-B6B7-56329B6FDB2C}.Release|x64.Build.0 = Release|x64
		{6E3D2D22-EC07-4FB0-B6B7-56329B6FDB2C}.Release|x86.ActiveCfg = Release|Win32
		{6E3D2D22-EC07-4FB0-B6B7-56329B6FDB2C}.Release|x86.Build.0 = Release|Win32
		{B32F5E17-10B7-47A3-8816-64936522D0BB}.Debug|x64.ActiveCfg = Debug|x64
		{B32F5E17-10B7-47A3-8816-64936522D0BB}.Debug|x64.Build.0 = Debug|x64
		{B32F5E17-10B7-47A3-8816-64936522D0BB}.Debug|x86.ActiveCfg = Debug|Win32
		{B32F5E17-10B7-47A3-8816-64936522D0BB}.Debug|x86.Build.0 = Debug|Win32
		{B32F5E17-10B7-47A3-8816-64936522D0BB}.Release|x64.ActiveCfg = Release|x64
		{B32F5E17-10B7-47A3-8816-64936522D0BB}.Release|x64.Build.0 = Release|x64
		{B32F5E17-10B7-47A3-8816-64936522D0BB}.Release|x86.ActiveCfg = Release|Win32
		{B32F5E17-10B7-47A3-8816-64936522D0BB}.Release|x86.Build.0 = Release|Win32
		{834F6657-6E65-4032-A196-1C289B61DEFA}.Debug|x64.ActiveCfg = Debug|x64
		{834F6657-6E65-4032-A196-1C289B61DEFA}.Debug|x64.Build.0 = Debug|x64
		{834F6657-6E65-4032-A196-1C289B61DEFA}.Debug|x86.ActiveCfg = Debug|Win32
		{834F6657-6E65-4032-A196-1C289B61DEFA}.Debug|x86.Build.0 = Debug|Win32
		{834F6657-6E65-4032-A196-1C289B61DEFA}.Release|x64.ActiveCfg = Release|x64
		{834F6657-6E65-4032-A196-1C289B61DEFA}.Release|x64.Build.0 = Release|x64
		{834F6657-6E65-4032-A196-1C289B61DEFA}.Release|x86.ActiveCfg = Release|Win32
		{834F6657-6E65-4032-A196-1C289B61DEFA}.Release|x86.Build.0 = Release|Win32
		{C688F0E5-CBFE-4118-9806-84332D3A10C0}.Debug|x64.ActiveCfg = Debug|x64
		{C688F0E5-CBFE-4118-9806-84332D3A10C0}.Debug|x64.Build.0 = Debug|x64
		{C688F0E5-CBFE-4118-9806-84332D3A10C0}.Debug|x86.ActiveCfg = Debug|Win32
		{C688F0E5-CBFE-4118-9806-84332D3A10C0}.Debug|x86.Build.0 = Debug|Win32
		{C688F0E5-CBFE-4118-9806-84332D3A10C0}.Release|x64.ActiveCfg = Release|x64
		{C688F0E5-CBFE-4118-9806-84332D3A10C0}.Release|x64.Build.0 = Release|x64
		{C688F0E5-CBFE-4118-9806-84332D3A10C0}.Release|x86.ActiveCfg = Release|Win32
		{C688F0E5-CBFE-4118-9806-84332D3A10C0}.Release|x86.Build.0 = Release|Win32
	EndGlobalSection
	GlobalSection(SolutionProperties) = preSolution
		HideSolutionNode = FALSE
	EndGlobalSection
EndGlobal
